
Microsoft Visual Studio Solution File, Format Version 12.00
# Visual Studio Version 17
VisualStudioVersion = 17.8.34408.163
MinimumVisualStudioVersion = 10.0.40219.1
Project("{FAE04EC0-301F-11D3-BF4B-00C04F79EFBC}") = "ConsoleApp15", "ConsoleApp15.csproj", "{CDF09875-5509-493D-B29D-81982442876E}"
EndProject
Global
	GlobalSection(SolutionConfigurationPlatforms) = preSolution
		Debug|Any CPU = Debug|Any CPU
		Release|Any CPU = Release|Any CPU
	EndGlobalSection
	GlobalSection(ProjectConfigurationPlatforms) = postSolution
		{CDF09875-5509-493D-B29D-81982442876E}.Debug|Any CPU.ActiveCfg = Debug|Any CPU
		{CDF09875-5509-493D-B29D-81982442876E}.Debug|Any CPU.Build.0 = Debug|Any CPU
		{CDF09875-5509-493D-B29D-81982442876E}.Release|Any CPU.ActiveCfg = Release|Any CPU
		{CDF09875-5509-493D-B29D-81982442876E}.Release|Any CPU.Build.0 = Release|Any CPU
	EndGlobalSection
	GlobalSection(SolutionProperties) = preSolution
		HideSolutionNode = FALSE
	EndGlobalSection
	GlobalSection(ExtensibilityGlobals) = postSolution
		SolutionGuid = {BE1A49B7-59E3-486C-9D27-BD9124CFE3C9}
	EndGlobalSection
EndGlobal
